// !$*UTF8*$!
{
	archiveVersion = 1;
	classes = {
	};
	objectVersion = 51;
	objects = {

/* Begin PBXBuildFile section */
		3486D78619FCEAA54B56F6A6 /* Pods_DiverseyTests.framework in Frameworks */ = {isa = PBXBuildFile; fileRef = 89528D464B7A0F7316B461CC /* Pods_DiverseyTests.framework */; };
		3C65D0D11F01C88550CF3209 /* Pods_Diversey.framework in Frameworks */ = {isa = PBXBuildFile; fileRef = 362AEAC2AD7C0F3F10DCB444 /* Pods_Diversey.framework */; };
		C812810687B3CCDCE215E4CB /* Pods_Diversey_DiverseyUITests.framework in Frameworks */ = {isa = PBXBuildFile; fileRef = FB303C6A01683D217E4E0D1D /* Pods_Diversey_DiverseyUITests.framework */; };
		F7A4BE7E267D1AC10089B948 /* AppDelegate.swift in Sources */ = {isa = PBXBuildFile; fileRef = F7A4BE7D267D1AC10089B948 /* AppDelegate.swift */; };
		F7A4BE80267D1AC10089B948 /* SceneDelegate.swift in Sources */ = {isa = PBXBuildFile; fileRef = F7A4BE7F267D1AC10089B948 /* SceneDelegate.swift */; };
		F7A4BE82267D1AC10089B948 /* TaskListView.swift in Sources */ = {isa = PBXBuildFile; fileRef = F7A4BE81267D1AC10089B948 /* TaskListView.swift */; };
		F7A4BE84267D1AC10089B948 /* Assets.xcassets in Resources */ = {isa = PBXBuildFile; fileRef = F7A4BE83267D1AC10089B948 /* Assets.xcassets */; };
		F7A4BE87267D1AC10089B948 /* Preview Assets.xcassets in Resources */ = {isa = PBXBuildFile; fileRef = F7A4BE86267D1AC10089B948 /* Preview Assets.xcassets */; };
		F7A4BE8A267D1AC10089B948 /* LaunchScreen.storyboard in Resources */ = {isa = PBXBuildFile; fileRef = F7A4BE88267D1AC10089B948 /* LaunchScreen.storyboard */; };
		F7A4BE95267D1AC20089B948 /* DiverseyTests.swift in Sources */ = {isa = PBXBuildFile; fileRef = F7A4BE94267D1AC20089B948 /* DiverseyTests.swift */; };
		F7A4BEA0267D1AC20089B948 /* DiverseyUITests.swift in Sources */ = {isa = PBXBuildFile; fileRef = F7A4BE9F267D1AC20089B948 /* DiverseyUITests.swift */; };
		F7A4BEAF267D1B020089B948 /* Task.swift in Sources */ = {isa = PBXBuildFile; fileRef = F7A4BEAE267D1B020089B948 /* Task.swift */; };
		F7A4BEB3267D1B530089B948 /* TaskCellViewModel.swift in Sources */ = {isa = PBXBuildFile; fileRef = F7A4BEB2267D1B530089B948 /* TaskCellViewModel.swift */; };
		F7A4BEB5267D1B7A0089B948 /* TaskListViewModel.swift in Sources */ = {isa = PBXBuildFile; fileRef = F7A4BEB4267D1B7A0089B948 /* TaskListViewModel.swift */; };
		F7A4BEB8267D200A0089B948 /* GoogleService-Info.plist in Resources */ = {isa = PBXBuildFile; fileRef = F7A4BEB7267D200A0089B948 /* GoogleService-Info.plist */; };
/* End PBXBuildFile section */

/* Begin PBXContainerItemProxy section */
		F7A4BE91267D1AC20089B948 /* PBXContainerItemProxy */ = {
			isa = PBXContainerItemProxy;
			containerPortal = F7A4BE72267D1AC10089B948 /* Project object */;
			proxyType = 1;
			remoteGlobalIDString = F7A4BE79267D1AC10089B948;
			remoteInfo = Diversey;
		};
		F7A4BE9C267D1AC20089B948 /* PBXContainerItemProxy */ = {
			isa = PBXContainerItemProxy;
			containerPortal = F7A4BE72267D1AC10089B948 /* Project object */;
			proxyType = 1;
			remoteGlobalIDString = F7A4BE79267D1AC10089B948;
			remoteInfo = Diversey;
		};
/* End PBXContainerItemProxy section */

/* Begin PBXFileReference section */
		362AEAC2AD7C0F3F10DCB444 /* Pods_Diversey.framework */ = {isa = PBXFileReference; explicitFileType = wrapper.framework; includeInIndex = 0; path = Pods_Diversey.framework; sourceTree = BUILT_PRODUCTS_DIR; };
		493F4542CEC539435CB59550 /* Pods-Diversey-DiverseyUITests.debug.xcconfig */ = {isa = PBXFileReference; includeInIndex = 1; lastKnownFileType = text.xcconfig; name = "Pods-Diversey-DiverseyUITests.debug.xcconfig"; path = "Target Support Files/Pods-Diversey-DiverseyUITests/Pods-Diversey-DiverseyUITests.debug.xcconfig"; sourceTree = "<group>"; };
		8792CAD33B96000E28850890 /* Pods-DiverseyTests.release.xcconfig */ = {isa = PBXFileReference; includeInIndex = 1; lastKnownFileType = text.xcconfig; name = "Pods-DiverseyTests.release.xcconfig"; path = "Target Support Files/Pods-DiverseyTests/Pods-DiverseyTests.release.xcconfig"; sourceTree = "<group>"; };
		89528D464B7A0F7316B461CC /* Pods_DiverseyTests.framework */ = {isa = PBXFileReference; explicitFileType = wrapper.framework; includeInIndex = 0; path = Pods_DiverseyTests.framework; sourceTree = BUILT_PRODUCTS_DIR; };
		9A8442F62B07C4FF151F2971 /* Pods-Diversey-DiverseyUITests.release.xcconfig */ = {isa = PBXFileReference; includeInIndex = 1; lastKnownFileType = text.xcconfig; name = "Pods-Diversey-DiverseyUITests.release.xcconfig"; path = "Target Support Files/Pods-Diversey-DiverseyUITests/Pods-Diversey-DiverseyUITests.release.xcconfig"; sourceTree = "<group>"; };
		B0C149744477BAEC74263578 /* Pods-Diversey.release.xcconfig */ = {isa = PBXFileReference; includeInIndex = 1; lastKnownFileType = text.xcconfig; name = "Pods-Diversey.release.xcconfig"; path = "Target Support Files/Pods-Diversey/Pods-Diversey.release.xcconfig"; sourceTree = "<group>"; };
		B99CB115E228726D512D437E /* Pods-DiverseyTests.debug.xcconfig */ = {isa = PBXFileReference; includeInIndex = 1; lastKnownFileType = text.xcconfig; name = "Pods-DiverseyTests.debug.xcconfig"; path = "Target Support Files/Pods-DiverseyTests/Pods-DiverseyTests.debug.xcconfig"; sourceTree = "<group>"; };
		E43A66E0B1C761E53C16C1CF /* Pods-Diversey.debug.xcconfig */ = {isa = PBXFileReference; includeInIndex = 1; lastKnownFileType = text.xcconfig; name = "Pods-Diversey.debug.xcconfig"; path = "Target Support Files/Pods-Diversey/Pods-Diversey.debug.xcconfig"; sourceTree = "<group>"; };
		F7A4BE7A267D1AC10089B948 /* Diversey.app */ = {isa = PBXFileReference; explicitFileType = wrapper.application; includeInIndex = 0; path = Diversey.app; sourceTree = BUILT_PRODUCTS_DIR; };
		F7A4BE7D267D1AC10089B948 /* AppDelegate.swift */ = {isa = PBXFileReference; lastKnownFileType = sourcecode.swift; path = AppDelegate.swift; sourceTree = "<group>"; };
		F7A4BE7F267D1AC10089B948 /* SceneDelegate.swift */ = {isa = PBXFileReference; lastKnownFileType = sourcecode.swift; path = SceneDelegate.swift; sourceTree = "<group>"; };
		F7A4BE81267D1AC10089B948 /* TaskListView.swift */ = {isa = PBXFileReference; lastKnownFileType = sourcecode.swift; path = TaskListView.swift; sourceTree = "<group>"; };
		F7A4BE83267D1AC10089B948 /* Assets.xcassets */ = {isa = PBXFileReference; lastKnownFileType = folder.assetcatalog; path = Assets.xcassets; sourceTree = "<group>"; };
		F7A4BE86267D1AC10089B948 /* Preview Assets.xcassets */ = {isa = PBXFileReference; lastKnownFileType = folder.assetcatalog; path = "Preview Assets.xcassets"; sourceTree = "<group>"; };
		F7A4BE89267D1AC10089B948 /* Base */ = {isa = PBXFileReference; lastKnownFileType = file.storyboard; name = Base; path = Base.lproj/LaunchScreen.storyboard; sourceTree = "<group>"; };
		F7A4BE8B267D1AC10089B948 /* Info.plist */ = {isa = PBXFileReference; lastKnownFileType = text.plist.xml; path = Info.plist; sourceTree = "<group>"; };
		F7A4BE90267D1AC20089B948 /* DiverseyTests.xctest */ = {isa = PBXFileReference; explicitFileType = wrapper.cfbundle; includeInIndex = 0; path = DiverseyTests.xctest; sourceTree = BUILT_PRODUCTS_DIR; };
		F7A4BE94267D1AC20089B948 /* DiverseyTests.swift */ = {isa = PBXFileReference; lastKnownFileType = sourcecode.swift; path = DiverseyTests.swift; sourceTree = "<group>"; };
		F7A4BE96267D1AC20089B948 /* Info.plist */ = {isa = PBXFileReference; lastKnownFileType = text.plist.xml; path = Info.plist; sourceTree = "<group>"; };
		F7A4BE9B267D1AC20089B948 /* DiverseyUITests.xctest */ = {isa = PBXFileReference; explicitFileType = wrapper.cfbundle; includeInIndex = 0; path = DiverseyUITests.xctest; sourceTree = BUILT_PRODUCTS_DIR; };
		F7A4BE9F267D1AC20089B948 /* DiverseyUITests.swift */ = {isa = PBXFileReference; lastKnownFileType = sourcecode.swift; path = DiverseyUITests.swift; sourceTree = "<group>"; };
		F7A4BEA1267D1AC20089B948 /* Info.plist */ = {isa = PBXFileReference; lastKnownFileType = text.plist.xml; path = Info.plist; sourceTree = "<group>"; };
		F7A4BEAE267D1B020089B948 /* Task.swift */ = {isa = PBXFileReference; lastKnownFileType = sourcecode.swift; path = Task.swift; sourceTree = "<group>"; };
		F7A4BEB2267D1B530089B948 /* TaskCellViewModel.swift */ = {isa = PBXFileReference; lastKnownFileType = sourcecode.swift; path = TaskCellViewModel.swift; sourceTree = "<group>"; };
		F7A4BEB4267D1B7A0089B948 /* TaskListViewModel.swift */ = {isa = PBXFileReference; lastKnownFileType = sourcecode.swift; path = TaskListViewModel.swift; sourceTree = "<group>"; };
		F7A4BEB7267D200A0089B948 /* GoogleService-Info.plist */ = {isa = PBXFileReference; fileEncoding = 4; lastKnownFileType = text.plist.xml; name = "GoogleService-Info.plist"; path = "../../../../Downloads/GoogleService-Info.plist"; sourceTree = "<group>"; };
		FB303C6A01683D217E4E0D1D /* Pods_Diversey_DiverseyUITests.framework */ = {isa = PBXFileReference; explicitFileType = wrapper.framework; includeInIndex = 0; path = Pods_Diversey_DiverseyUITests.framework; sourceTree = BUILT_PRODUCTS_DIR; };
/* End PBXFileReference section */

/* Begin PBXFrameworksBuildPhase section */
		F7A4BE77267D1AC10089B948 /* Frameworks */ = {
			isa = PBXFrameworksBuildPhase;
			buildActionMask = 2147483647;
			files = (
				3C65D0D11F01C88550CF3209 /* Pods_Diversey.framework in Frameworks */,
			);
			runOnlyForDeploymentPostprocessing = 0;
		};
		F7A4BE8D267D1AC20089B948 /* Frameworks */ = {
			isa = PBXFrameworksBuildPhase;
			buildActionMask = 2147483647;
			files = (
				3486D78619FCEAA54B56F6A6 /* Pods_DiverseyTests.framework in Frameworks */,
			);
			runOnlyForDeploymentPostprocessing = 0;
		};
		F7A4BE98267D1AC20089B948 /* Frameworks */ = {
			isa = PBXFrameworksBuildPhase;
			buildActionMask = 2147483647;
			files = (
				C812810687B3CCDCE215E4CB /* Pods_Diversey_DiverseyUITests.framework in Frameworks */,
			);
			runOnlyForDeploymentPostprocessing = 0;
		};
/* End PBXFrameworksBuildPhase section */

/* Begin PBXGroup section */
		0A89DDC22357DA360AE872FC /* Frameworks */ = {
			isa = PBXGroup;
			children = (
				362AEAC2AD7C0F3F10DCB444 /* Pods_Diversey.framework */,
				FB303C6A01683D217E4E0D1D /* Pods_Diversey_DiverseyUITests.framework */,
				89528D464B7A0F7316B461CC /* Pods_DiverseyTests.framework */,
			);
			name = Frameworks;
			sourceTree = "<group>";
		};
		523D128A558CE25864E47835 /* Pods */ = {
			isa = PBXGroup;
			children = (
				E43A66E0B1C761E53C16C1CF /* Pods-Diversey.debug.xcconfig */,
				B0C149744477BAEC74263578 /* Pods-Diversey.release.xcconfig */,
				493F4542CEC539435CB59550 /* Pods-Diversey-DiverseyUITests.debug.xcconfig */,
				9A8442F62B07C4FF151F2971 /* Pods-Diversey-DiverseyUITests.release.xcconfig */,
				B99CB115E228726D512D437E /* Pods-DiverseyTests.debug.xcconfig */,
				8792CAD33B96000E28850890 /* Pods-DiverseyTests.release.xcconfig */,
			);
			path = Pods;
			sourceTree = "<group>";
		};
		F7A4BE71267D1AC10089B948 = {
			isa = PBXGroup;
			children = (
				F7A4BE7C267D1AC10089B948 /* Diversey */,
				F7A4BE93267D1AC20089B948 /* DiverseyTests */,
				F7A4BE9E267D1AC20089B948 /* DiverseyUITests */,
				F7A4BE7B267D1AC10089B948 /* Products */,
				523D128A558CE25864E47835 /* Pods */,
				0A89DDC22357DA360AE872FC /* Frameworks */,
			);
			sourceTree = "<group>";
		};
		F7A4BE7B267D1AC10089B948 /* Products */ = {
			isa = PBXGroup;
			children = (
				F7A4BE7A267D1AC10089B948 /* Diversey.app */,
				F7A4BE90267D1AC20089B948 /* DiverseyTests.xctest */,
				F7A4BE9B267D1AC20089B948 /* DiverseyUITests.xctest */,
			);
			name = Products;
			sourceTree = "<group>";
		};
		F7A4BE7C267D1AC10089B948 /* Diversey */ = {
			isa = PBXGroup;
			children = (
				F7A4BEAD267D1ADC0089B948 /* App */,
				F7A4BEB0267D1B0D0089B948 /* Model */,
				F7A4BEB6267D1B810089B948 /* ViewModels */,
				F7A4BEB1267D1B3A0089B948 /* Views */,
				F7A4BE83267D1AC10089B948 /* Assets.xcassets */,
				F7A4BE88267D1AC10089B948 /* LaunchScreen.storyboard */,
				F7A4BE8B267D1AC10089B948 /* Info.plist */,
				F7A4BEB7267D200A0089B948 /* GoogleService-Info.plist */,
				F7A4BE85267D1AC10089B948 /* Preview Content */,
			);
			path = Diversey;
			sourceTree = "<group>";
		};
		F7A4BE85267D1AC10089B948 /* Preview Content */ = {
			isa = PBXGroup;
			children = (
				F7A4BE86267D1AC10089B948 /* Preview Assets.xcassets */,
			);
			path = "Preview Content";
			sourceTree = "<group>";
		};
		F7A4BE93267D1AC20089B948 /* DiverseyTests */ = {
			isa = PBXGroup;
			children = (
				F7A4BE94267D1AC20089B948 /* DiverseyTests.swift */,
				F7A4BE96267D1AC20089B948 /* Info.plist */,
			);
			path = DiverseyTests;
			sourceTree = "<group>";
		};
		F7A4BE9E267D1AC20089B948 /* DiverseyUITests */ = {
			isa = PBXGroup;
			children = (
				F7A4BE9F267D1AC20089B948 /* DiverseyUITests.swift */,
				F7A4BEA1267D1AC20089B948 /* Info.plist */,
			);
			path = DiverseyUITests;
			sourceTree = "<group>";
		};
		F7A4BEAD267D1ADC0089B948 /* App */ = {
			isa = PBXGroup;
			children = (
				F7A4BE7D267D1AC10089B948 /* AppDelegate.swift */,
				F7A4BE7F267D1AC10089B948 /* SceneDelegate.swift */,
			);
			path = App;
			sourceTree = "<group>";
		};
		F7A4BEB0267D1B0D0089B948 /* Model */ = {
			isa = PBXGroup;
			children = (
				F7A4BEAE267D1B020089B948 /* Task.swift */,
			);
			path = Model;
			sourceTree = "<group>";
		};
		F7A4BEB1267D1B3A0089B948 /* Views */ = {
			isa = PBXGroup;
			children = (
				F7A4BE81267D1AC10089B948 /* TaskListView.swift */,
			);
			path = Views;
			sourceTree = "<group>";
		};
		F7A4BEB6267D1B810089B948 /* ViewModels */ = {
			isa = PBXGroup;
			children = (
				F7A4BEB2267D1B530089B948 /* TaskCellViewModel.swift */,
				F7A4BEB4267D1B7A0089B948 /* TaskListViewModel.swift */,
			);
			path = ViewModels;
			sourceTree = "<group>";
		};
/* End PBXGroup section */

/* Begin PBXNativeTarget section */
		F7A4BE79267D1AC10089B948 /* Diversey */ = {
			isa = PBXNativeTarget;
			buildConfigurationList = F7A4BEA4267D1AC20089B948 /* Build configuration list for PBXNativeTarget "Diversey" */;
			buildPhases = (
				70EDF4722D094B5AA29401C9 /* [CP] Check Pods Manifest.lock */,
				F7A4BE76267D1AC10089B948 /* Sources */,
				F7A4BE77267D1AC10089B948 /* Frameworks */,
				F7A4BE78267D1AC10089B948 /* Resources */,
				42CB3D80A03CFBDCE0C35CB1 /* [CP] Embed Pods Frameworks */,
			);
			buildRules = (
			);
			dependencies = (
			);
			name = Diversey;
			productName = Diversey;
			productReference = F7A4BE7A267D1AC10089B948 /* Diversey.app */;
			productType = "com.apple.product-type.application";
		};
		F7A4BE8F267D1AC20089B948 /* DiverseyTests */ = {
			isa = PBXNativeTarget;
			buildConfigurationList = F7A4BEA7267D1AC20089B948 /* Build configuration list for PBXNativeTarget "DiverseyTests" */;
			buildPhases = (
				7D2295D0F45E91E45F40B2A8 /* [CP] Check Pods Manifest.lock */,
				F7A4BE8C267D1AC20089B948 /* Sources */,
				F7A4BE8D267D1AC20089B948 /* Frameworks */,
				F7A4BE8E267D1AC20089B948 /* Resources */,
			);
			buildRules = (
			);
			dependencies = (
				F7A4BE92267D1AC20089B948 /* PBXTargetDependency */,
			);
			name = DiverseyTests;
			productName = DiverseyTests;
			productReference = F7A4BE90267D1AC20089B948 /* DiverseyTests.xctest */;
			productType = "com.apple.product-type.bundle.unit-test";
		};
		F7A4BE9A267D1AC20089B948 /* DiverseyUITests */ = {
			isa = PBXNativeTarget;
			buildConfigurationList = F7A4BEAA267D1AC20089B948 /* Build configuration list for PBXNativeTarget "DiverseyUITests" */;
			buildPhases = (
				DB78D8FC2A926AF9D6C49BB0 /* [CP] Check Pods Manifest.lock */,
				F7A4BE97267D1AC20089B948 /* Sources */,
				F7A4BE98267D1AC20089B948 /* Frameworks */,
				F7A4BE99267D1AC20089B948 /* Resources */,
				54FC140E9EE09131C2A662AE /* [CP] Embed Pods Frameworks */,
			);
			buildRules = (
			);
			dependencies = (
				F7A4BE9D267D1AC20089B948 /* PBXTargetDependency */,
			);
			name = DiverseyUITests;
			productName = DiverseyUITests;
			productReference = F7A4BE9B267D1AC20089B948 /* DiverseyUITests.xctest */;
			productType = "com.apple.product-type.bundle.ui-testing";
		};
/* End PBXNativeTarget section */

/* Begin PBXProject section */
		F7A4BE72267D1AC10089B948 /* Project object */ = {
			isa = PBXProject;
			attributes = {
				LastSwiftUpdateCheck = 1250;
				LastUpgradeCheck = 1250;
				TargetAttributes = {
					F7A4BE79267D1AC10089B948 = {
						CreatedOnToolsVersion = 12.5;
					};
					F7A4BE8F267D1AC20089B948 = {
						CreatedOnToolsVersion = 12.5;
						TestTargetID = F7A4BE79267D1AC10089B948;
					};
					F7A4BE9A267D1AC20089B948 = {
						CreatedOnToolsVersion = 12.5;
						TestTargetID = F7A4BE79267D1AC10089B948;
					};
				};
			};
			buildConfigurationList = F7A4BE75267D1AC10089B948 /* Build configuration list for PBXProject "Diversey" */;
			compatibilityVersion = "Xcode 9.3";
			developmentRegion = en;
			hasScannedForEncodings = 0;
			knownRegions = (
				en,
				Base,
			);
			mainGroup = F7A4BE71267D1AC10089B948;
			productRefGroup = F7A4BE7B267D1AC10089B948 /* Products */;
			projectDirPath = "";
			projectRoot = "";
			targets = (
				F7A4BE79267D1AC10089B948 /* Diversey */,
				F7A4BE8F267D1AC20089B948 /* DiverseyTests */,
				F7A4BE9A267D1AC20089B948 /* DiverseyUITests */,
			);
		};
/* End PBXProject section */

/* Begin PBXResourcesBuildPhase section */
		F7A4BE78267D1AC10089B948 /* Resources */ = {
			isa = PBXResourcesBuildPhase;
			buildActionMask = 2147483647;
			files = (
				F7A4BE8A267D1AC10089B948 /* LaunchScreen.storyboard in Resources */,
				F7A4BEB8267D200A0089B948 /* GoogleService-Info.plist in Resources */,
				F7A4BE87267D1AC10089B948 /* Preview Assets.xcassets in Resources */,
				F7A4BE84267D1AC10089B948 /* Assets.xcassets in Resources */,
			);
			runOnlyForDeploymentPostprocessing = 0;
		};
		F7A4BE8E267D1AC20089B948 /* Resources */ = {
			isa = PBXResourcesBuildPhase;
			buildActionMask = 2147483647;
			files = (
			);
			runOnlyForDeploymentPostprocessing = 0;
		};
		F7A4BE99267D1AC20089B948 /* Resources */ = {
			isa = PBXResourcesBuildPhase;
			buildActionMask = 2147483647;
			files = (
			);
			runOnlyForDeploymentPostprocessing = 0;
		};
/* End PBXResourcesBuildPhase section */

/* Begin PBXShellScriptBuildPhase section */
		42CB3D80A03CFBDCE0C35CB1 /* [CP] Embed Pods Frameworks */ = {
			isa = PBXShellScriptBuildPhase;
			buildActionMask = 2147483647;
			files = (
			);
			inputFileListPaths = (
				"${PODS_ROOT}/Target Support Files/Pods-Diversey/Pods-Diversey-frameworks-${CONFIGURATION}-input-files.xcfilelist",
			);
			name = "[CP] Embed Pods Frameworks";
			outputFileListPaths = (
				"${PODS_ROOT}/Target Support Files/Pods-Diversey/Pods-Diversey-frameworks-${CONFIGURATION}-output-files.xcfilelist",
			);
			runOnlyForDeploymentPostprocessing = 0;
			shellPath = /bin/sh;
			shellScript = "\"${PODS_ROOT}/Target Support Files/Pods-Diversey/Pods-Diversey-frameworks.sh\"\n";
			showEnvVarsInLog = 0;
		};
		54FC140E9EE09131C2A662AE /* [CP] Embed Pods Frameworks */ = {
			isa = PBXShellScriptBuildPhase;
			buildActionMask = 2147483647;
			files = (
			);
			inputFileListPaths = (
				"${PODS_ROOT}/Target Support Files/Pods-Diversey-DiverseyUITests/Pods-Diversey-DiverseyUITests-frameworks-${CONFIGURATION}-input-files.xcfilelist",
			);
			name = "[CP] Embed Pods Frameworks";
			outputFileListPaths = (
				"${PODS_ROOT}/Target Support Files/Pods-Diversey-DiverseyUITests/Pods-Diversey-DiverseyUITests-frameworks-${CONFIGURATION}-output-files.xcfilelist",
			);
			runOnlyForDeploymentPostprocessing = 0;
			shellPath = /bin/sh;
			shellScript = "\"${PODS_ROOT}/Target Support Files/Pods-Diversey-DiverseyUITests/Pods-Diversey-DiverseyUITests-frameworks.sh\"\n";
			showEnvVarsInLog = 0;
		};
		70EDF4722D094B5AA29401C9 /* [CP] Check Pods Manifest.lock */ = {
			isa = PBXShellScriptBuildPhase;
			buildActionMask = 2147483647;
			files = (
			);
			inputFileListPaths = (
			);
			inputPaths = (
				"${PODS_PODFILE_DIR_PATH}/Podfile.lock",
				"${PODS_ROOT}/Manifest.lock",
			);
			name = "[CP] Check Pods Manifest.lock";
			outputFileListPaths = (
			);
			outputPaths = (
				"$(DERIVED_FILE_DIR)/Pods-Diversey-checkManifestLockResult.txt",
			);
			runOnlyForDeploymentPostprocessing = 0;
			shellPath = /bin/sh;
			shellScript = "diff \"${PODS_PODFILE_DIR_PATH}/Podfile.lock\" \"${PODS_ROOT}/Manifest.lock\" > /dev/null\nif [ $? != 0 ] ; then\n    # print error to STDERR\n    echo \"error: The sandbox is not in sync with the Podfile.lock. Run 'pod install' or update your CocoaPods installation.\" >&2\n    exit 1\nfi\n# This output is used by Xcode 'outputs' to avoid re-running this script phase.\necho \"SUCCESS\" > \"${SCRIPT_OUTPUT_FILE_0}\"\n";
			showEnvVarsInLog = 0;
		};
		7D2295D0F45E91E45F40B2A8 /* [CP] Check Pods Manifest.lock */ = {
			isa = PBXShellScriptBuildPhase;
			buildActionMask = 2147483647;
			files = (
			);
			inputFileListPaths = (
			);
			inputPaths = (
				"${PODS_PODFILE_DIR_PATH}/Podfile.lock",
				"${PODS_ROOT}/Manifest.lock",
			);
			name = "[CP] Check Pods Manifest.lock";
			outputFileListPaths = (
			);
			outputPaths = (
				"$(DERIVED_FILE_DIR)/Pods-DiverseyTests-checkManifestLockResult.txt",
			);
			runOnlyForDeploymentPostprocessing = 0;
			shellPath = /bin/sh;
			shellScript = "diff \"${PODS_PODFILE_DIR_PATH}/Podfile.lock\" \"${PODS_ROOT}/Manifest.lock\" > /dev/null\nif [ $? != 0 ] ; then\n    # print error to STDERR\n    echo \"error: The sandbox is not in sync with the Podfile.lock. Run 'pod install' or update your CocoaPods installation.\" >&2\n    exit 1\nfi\n# This output is used by Xcode 'outputs' to avoid re-running this script phase.\necho \"SUCCESS\" > \"${SCRIPT_OUTPUT_FILE_0}\"\n";
			showEnvVarsInLog = 0;
		};
		DB78D8FC2A926AF9D6C49BB0 /* [CP] Check Pods Manifest.lock */ = {
			isa = PBXShellScriptBuildPhase;
			buildActionMask = 2147483647;
			files = (
			);
			inputFileListPaths = (
			);
			inputPaths = (
				"${PODS_PODFILE_DIR_PATH}/Podfile.lock",
				"${PODS_ROOT}/Manifest.lock",
			);
			name = "[CP] Check Pods Manifest.lock";
			outputFileListPaths = (
			);
			outputPaths = (
				"$(DERIVED_FILE_DIR)/Pods-Diversey-DiverseyUITests-checkManifestLockResult.txt",
			);
			runOnlyForDeploymentPostprocessing = 0;
			shellPath = /bin/sh;
			shellScript = "diff \"${PODS_PODFILE_DIR_PATH}/Podfile.lock\" \"${PODS_ROOT}/Manifest.lock\" > /dev/null\nif [ $? != 0 ] ; then\n    # print error to STDERR\n    echo \"error: The sandbox is not in sync with the Podfile.lock. Run 'pod install' or update your CocoaPods installation.\" >&2\n    exit 1\nfi\n# This output is used by Xcode 'outputs' to avoid re-running this script phase.\necho \"SUCCESS\" > \"${SCRIPT_OUTPUT_FILE_0}\"\n";
			showEnvVarsInLog = 0;
		};
/* End PBXShellScriptBuildPhase section */

/* Begin PBXSourcesBuildPhase section */
		F7A4BE76267D1AC10089B948 /* Sources */ = {
			isa = PBXSourcesBuildPhase;
			buildActionMask = 2147483647;
			files = (
				F7A4BEB3267D1B530089B948 /* TaskCellViewModel.swift in Sources */,
				F7A4BEAF267D1B020089B948 /* Task.swift in Sources */,
				F7A4BE7E267D1AC10089B948 /* AppDelegate.swift in Sources */,
				F7A4BE80267D1AC10089B948 /* SceneDelegate.swift in Sources */,
				F7A4BE82267D1AC10089B948 /* TaskListView.swift in Sources */,
				F7A4BEB5267D1B7A0089B948 /* TaskListViewModel.swift in Sources */,
			);
			runOnlyForDeploymentPostprocessing = 0;
		};
		F7A4BE8C267D1AC20089B948 /* Sources */ = {
			isa = PBXSourcesBuildPhase;
			buildActionMask = 2147483647;
			files = (
				F7A4BE95267D1AC20089B948 /* DiverseyTests.swift in Sources */,
			);
			runOnlyForDeploymentPostprocessing = 0;
		};
		F7A4BE97267D1AC20089B948 /* Sources */ = {
			isa = PBXSourcesBuildPhase;
			buildActionMask = 2147483647;
			files = (
				F7A4BEA0267D1AC20089B948 /* DiverseyUITests.swift in Sources */,
			);
			runOnlyForDeploymentPostprocessing = 0;
		};
/* End PBXSourcesBuildPhase section */

/* Begin PBXTargetDependency section */
		F7A4BE92267D1AC20089B948 /* PBXTargetDependency */ = {
			isa = PBXTargetDependency;
			target = F7A4BE79267D1AC10089B948 /* Diversey */;
			targetProxy = F7A4BE91267D1AC20089B948 /* PBXContainerItemProxy */;
		};
		F7A4BE9D267D1AC20089B948 /* PBXTargetDependency */ = {
			isa = PBXTargetDependency;
			target = F7A4BE79267D1AC10089B948 /* Diversey */;
			targetProxy = F7A4BE9C267D1AC20089B948 /* PBXContainerItemProxy */;
		};
/* End PBXTargetDependency section */

/* Begin PBXVariantGroup section */
		F7A4BE88267D1AC10089B948 /* LaunchScreen.storyboard */ = {
			isa = PBXVariantGroup;
			children = (
				F7A4BE89267D1AC10089B948 /* Base */,
			);
			name = LaunchScreen.storyboard;
			sourceTree = "<group>";
		};
/* End PBXVariantGroup section */

/* Begin XCBuildConfiguration section */
		F7A4BEA2267D1AC20089B948 /* Debug */ = {
			isa = XCBuildConfiguration;
			buildSettings = {
				ALWAYS_SEARCH_USER_PATHS = NO;
				CLANG_ANALYZER_NONNULL = YES;
				CLANG_ANALYZER_NUMBER_OBJECT_CONVERSION = YES_AGGRESSIVE;
				CLANG_CXX_LANGUAGE_STANDARD = "gnu++14";
				CLANG_CXX_LIBRARY = "libc++";
				CLANG_ENABLE_MODULES = YES;
				CLANG_ENABLE_OBJC_ARC = YES;
				CLANG_ENABLE_OBJC_WEAK = YES;
				CLANG_WARN_BLOCK_CAPTURE_AUTORELEASING = YES;
				CLANG_WARN_BOOL_CONVERSION = YES;
				CLANG_WARN_COMMA = YES;
				CLANG_WARN_CONSTANT_CONVERSION = YES;
				CLANG_WARN_DEPRECATED_OBJC_IMPLEMENTATIONS = YES;
				CLANG_WARN_DIRECT_OBJC_ISA_USAGE = YES_ERROR;
				CLANG_WARN_DOCUMENTATION_COMMENTS = YES;
				CLANG_WARN_EMPTY_BODY = YES;
				CLANG_WARN_ENUM_CONVERSION = YES;
				CLANG_WARN_INFINITE_RECURSION = YES;
				CLANG_WARN_INT_CONVERSION = YES;
				CLANG_WARN_NON_LITERAL_NULL_CONVERSION = YES;
				CLANG_WARN_OBJC_IMPLICIT_RETAIN_SELF = YES;
				CLANG_WARN_OBJC_LITERAL_CONVERSION = YES;
				CLANG_WARN_OBJC_ROOT_CLASS = YES_ERROR;
				CLANG_WARN_QUOTED_INCLUDE_IN_FRAMEWORK_HEADER = YES;
				CLANG_WARN_RANGE_LOOP_ANALYSIS = YES;
				CLANG_WARN_STRICT_PROTOTYPES = YES;
				CLANG_WARN_SUSPICIOUS_MOVE = YES;
				CLANG_WARN_UNGUARDED_AVAILABILITY = YES_AGGRESSIVE;
				CLANG_WARN_UNREACHABLE_CODE = YES;
				CLANG_WARN__DUPLICATE_METHOD_MATCH = YES;
				COPY_PHASE_STRIP = NO;
				DEBUG_INFORMATION_FORMAT = dwarf;
				ENABLE_STRICT_OBJC_MSGSEND = YES;
				ENABLE_TESTABILITY = YES;
				GCC_C_LANGUAGE_STANDARD = gnu11;
				GCC_DYNAMIC_NO_PIC = NO;
				GCC_NO_COMMON_BLOCKS = YES;
				GCC_OPTIMIZATION_LEVEL = 0;
				GCC_PREPROCESSOR_DEFINITIONS = (
					"DEBUG=1",
					"$(inherited)",
				);
				GCC_WARN_64_TO_32_BIT_CONVERSION = YES;
				GCC_WARN_ABOUT_RETURN_TYPE = YES_ERROR;
				GCC_WARN_UNDECLARED_SELECTOR = YES;
				GCC_WARN_UNINITIALIZED_AUTOS = YES_AGGRESSIVE;
				GCC_WARN_UNUSED_FUNCTION = YES;
				GCC_WARN_UNUSED_VARIABLE = YES;
				IPHONEOS_DEPLOYMENT_TARGET = 14.5;
				MTL_ENABLE_DEBUG_INFO = INCLUDE_SOURCE;
				MTL_FAST_MATH = YES;
				ONLY_ACTIVE_ARCH = YES;
				SDKROOT = iphoneos;
				SWIFT_ACTIVE_COMPILATION_CONDITIONS = DEBUG;
				SWIFT_OPTIMIZATION_LEVEL = "-Onone";
			};
			name = Debug;
		};
		F7A4BEA3267D1AC20089B948 /* Release */ = {
			isa = XCBuildConfiguration;
			buildSettings = {
				ALWAYS_SEARCH_USER_PATHS = NO;
				CLANG_ANALYZER_NONNULL = YES;
				CLANG_ANALYZER_NUMBER_OBJECT_CONVERSION = YES_AGGRESSIVE;
				CLANG_CXX_LANGUAGE_STANDARD = "gnu++14";
				CLANG_CXX_LIBRARY = "libc++";
				CLANG_ENABLE_MODULES = YES;
				CLANG_ENABLE_OBJC_ARC = YES;
				CLANG_ENABLE_OBJC_WEAK = YES;
				CLANG_WARN_BLOCK_CAPTURE_AUTORELEASING = YES;
				CLANG_WARN_BOOL_CONVERSION = YES;
				CLANG_WARN_COMMA = YES;
				CLANG_WARN_CONSTANT_CONVERSION = YES;
				CLANG_WARN_DEPRECATED_OBJC_IMPLEMENTATIONS = YES;
				CLANG_WARN_DIRECT_OBJC_ISA_USAGE = YES_ERROR;
				CLANG_WARN_DOCUMENTATION_COMMENTS = YES;
				CLANG_WARN_EMPTY_BODY = YES;
				CLANG_WARN_ENUM_CONVERSION = YES;
				CLANG_WARN_INFINITE_RECURSION = YES;
				CLANG_WARN_INT_CONVERSION = YES;
				CLANG_WARN_NON_LITERAL_NULL_CONVERSION = YES;
				CLANG_WARN_OBJC_IMPLICIT_RETAIN_SELF = YES;
				CLANG_WARN_OBJC_LITERAL_CONVERSION = YES;
				CLANG_WARN_OBJC_ROOT_CLASS = YES_ERROR;
				CLANG_WARN_QUOTED_INCLUDE_IN_FRAMEWORK_HEADER = YES;
				CLANG_WARN_RANGE_LOOP_ANALYSIS = YES;
				CLANG_WARN_STRICT_PROTOTYPES = YES;
				CLANG_WARN_SUSPICIOUS_MOVE = YES;
				CLANG_WARN_UNGUARDED_AVAILABILITY = YES_AGGRESSIVE;
				CLANG_WARN_UNREACHABLE_CODE = YES;
				CLANG_WARN__DUPLICATE_METHOD_MATCH = YES;
				COPY_PHASE_STRIP = NO;
				DEBUG_INFORMATION_FORMAT = "dwarf-with-dsym";
				ENABLE_NS_ASSERTIONS = NO;
				ENABLE_STRICT_OBJC_MSGSEND = YES;
				GCC_C_LANGUAGE_STANDARD = gnu11;
				GCC_NO_COMMON_BLOCKS = YES;
				GCC_WARN_64_TO_32_BIT_CONVERSION = YES;
				GCC_WARN_ABOUT_RETURN_TYPE = YES_ERROR;
				GCC_WARN_UNDECLARED_SELECTOR = YES;
				GCC_WARN_UNINITIALIZED_AUTOS = YES_AGGRESSIVE;
				GCC_WARN_UNUSED_FUNCTION = YES;
				GCC_WARN_UNUSED_VARIABLE = YES;
				IPHONEOS_DEPLOYMENT_TARGET = 14.5;
				MTL_ENABLE_DEBUG_INFO = NO;
				MTL_FAST_MATH = YES;
				SDKROOT = iphoneos;
				SWIFT_COMPILATION_MODE = wholemodule;
				SWIFT_OPTIMIZATION_LEVEL = "-O";
				VALIDATE_PRODUCT = YES;
			};
			name = Release;
		};
		F7A4BEA5267D1AC20089B948 /* Debug */ = {
			isa = XCBuildConfiguration;
			baseConfigurationReference = E43A66E0B1C761E53C16C1CF /* Pods-Diversey.debug.xcconfig */;
			buildSettings = {
				ASSETCATALOG_COMPILER_APPICON_NAME = AppIcon;
				ASSETCATALOG_COMPILER_GLOBAL_ACCENT_COLOR_NAME = AccentColor;
				CODE_SIGN_STYLE = Automatic;
				DEVELOPMENT_ASSET_PATHS = "\"Diversey/Preview Content\"";
				ENABLE_PREVIEWS = YES;
				INFOPLIST_FILE = Diversey/Info.plist;
				LD_RUNPATH_SEARCH_PATHS = (
					"$(inherited)",
					"@executable_path/Frameworks",
				);
				ONLY_ACTIVE_ARCH = YES;
				OTHER_LDFLAGS = (
					"$(inherited)",
					"-ObjC",
					"-l\"c++\"",
					"-l\"sqlite3\"",
					"-l\"z\"",
					"-framework",
					"\"CoreTelephony\"",
					"-framework",
					"\"FBLPromises\"",
					"-framework",
					"\"FirebaseAnalytics\"",
					"-framework",
					"\"FirebaseAuth\"",
					"-framework",
					"\"FirebaseCore\"",
					"-framework",
					"\"FirebaseCoreDiagnostics\"",
					"-framework",
					"\"FirebaseInstallations\"",
					"-framework",
					"\"Foundation\"",
					"-framework",
					"\"GTMSessionFetcher\"",
					"-framework",
					"\"GoogleAppMeasurement\"",
					"-framework",
					"\"GoogleDataTransport\"",
					"-framework",
					"\"GoogleUtilities\"",
					"-framework",
					"\"SafariServices\"",
					"-framework",
					"\"Security\"",
					"-framework",
					"\"StoreKit\"",
					"-framework",
					"\"SystemConfiguration\"",
					"-framework",
					"\"UIKit\"",
					"-framework",
					"\"nanopb\"",
				);
				"OTHER_LDFLAGS[arch=*]" = (
					"$(inherited)",
					"-ObjC",
					"-l\"c++\"",
					"-l\"sqlite3\"",
					"-l\"z\"",
					"-framework",
					"\"CoreTelephony\"",
					"-framework",
					"\"FBLPromises\"",
					"-framework",
					"\"FirebaseAnalytics\"",
					"-framework",
					"\"FirebaseAuth\"",
					"-framework",
					"\"FirebaseCore\"",
					"-framework",
					"\"FirebaseCoreDiagnostics\"",
					"-framework",
					"\"FirebaseInstallations\"",
					"-framework",
					"\"Foundation\"",
					"-framework",
					"\"GTMSessionFetcher\"",
					"-framework",
					"\"GoogleAppMeasurement\"",
					"-framework",
					"\"GoogleDataTransport\"",
					"-framework",
					"\"GoogleUtilities\"",
					"-framework",
					"\"SafariServices\"",
					"-framework",
					"\"Security\"",
					"-framework",
					"\"StoreKit\"",
					"-framework",
					"\"SystemConfiguration\"",
					"-framework",
					"\"UIKit\"",
					"-framework",
					"\"nanopb\"",
				);
				PRODUCT_BUNDLE_IDENTIFIER = jcode.Diversey;
				PRODUCT_NAME = "$(TARGET_NAME)";
				SWIFT_VERSION = 5.0;
				TARGETED_DEVICE_FAMILY = "1,2";
			};
			name = Debug;
		};
		F7A4BEA6267D1AC20089B948 /* Release */ = {
			isa = XCBuildConfiguration;
			baseConfigurationReference = B0C149744477BAEC74263578 /* Pods-Diversey.release.xcconfig */;
			buildSettings = {
				ASSETCATALOG_COMPILER_APPICON_NAME = AppIcon;
				ASSETCATALOG_COMPILER_GLOBAL_ACCENT_COLOR_NAME = AccentColor;
				CODE_SIGN_STYLE = Automatic;
				DEVELOPMENT_ASSET_PATHS = "\"Diversey/Preview Content\"";
				ENABLE_PREVIEWS = YES;
				INFOPLIST_FILE = Diversey/Info.plist;
				LD_RUNPATH_SEARCH_PATHS = (
					"$(inherited)",
					"@executable_path/Frameworks",
				);
				ONLY_ACTIVE_ARCH = YES;
				OTHER_LDFLAGS = (
					"$(inherited)",
					"-ObjC",
					"-l\"c++\"",
					"-l\"sqlite3\"",
					"-l\"z\"",
					"-framework",
					"\"CoreTelephony\"",
					"-framework",
					"\"FBLPromises\"",
					"-framework",
					"\"FirebaseAnalytics\"",
					"-framework",
					"\"FirebaseAuth\"",
					"-framework",
					"\"FirebaseCore\"",
					"-framework",
					"\"FirebaseCoreDiagnostics\"",
					"-framework",
					"\"FirebaseInstallations\"",
					"-framework",
					"\"Foundation\"",
					"-framework",
					"\"GTMSessionFetcher\"",
					"-framework",
					"\"GoogleAppMeasurement\"",
					"-framework",
					"\"GoogleDataTransport\"",
					"-framework",
					"\"GoogleUtilities\"",
					"-framework",
					"\"SafariServices\"",
					"-framework",
					"\"Security\"",
					"-framework",
					"\"StoreKit\"",
					"-framework",
					"\"SystemConfiguration\"",
					"-framework",
					"\"UIKit\"",
					"-framework",
					"\"nanopb\"",
				);
				"OTHER_LDFLAGS[arch=*]" = (
					"$(inherited)",
					"-ObjC",
					"-l\"c++\"",
					"-l\"sqlite3\"",
					"-l\"z\"",
					"-framework",
					"\"CoreTelephony\"",
					"-framework",
					"\"FBLPromises\"",
					"-framework",
					"\"FirebaseAnalytics\"",
					"-framework",
					"\"FirebaseAuth\"",
					"-framework",
					"\"FirebaseCore\"",
					"-framework",
					"\"FirebaseCoreDiagnostics\"",
					"-framework",
					"\"FirebaseInstallations\"",
					"-framework",
					"\"Foundation\"",
					"-framework",
					"\"GTMSessionFetcher\"",
					"-framework",
					"\"GoogleAppMeasurement\"",
					"-framework",
					"\"GoogleDataTransport\"",
					"-framework",
					"\"GoogleUtilities\"",
					"-framework",
					"\"SafariServices\"",
					"-framework",
					"\"Security\"",
					"-framework",
					"\"StoreKit\"",
					"-framework",
					"\"SystemConfiguration\"",
					"-framework",
					"\"UIKit\"",
					"-framework",
					"\"nanopb\"",
				);
				PRODUCT_BUNDLE_IDENTIFIER = jcode.Diversey;
				PRODUCT_NAME = "$(TARGET_NAME)";
				SWIFT_VERSION = 5.0;
				TARGETED_DEVICE_FAMILY = "1,2";
			};
			name = Release;
		};
		F7A4BEA8267D1AC20089B948 /* Debug */ = {
			isa = XCBuildConfiguration;
			baseConfigurationReference = B99CB115E228726D512D437E /* Pods-DiverseyTests.debug.xcconfig */;
			buildSettings = {
				ALWAYS_EMBED_SWIFT_STANDARD_LIBRARIES = YES;
				BUNDLE_LOADER = "$(TEST_HOST)";
				CODE_SIGN_STYLE = Automatic;
				INFOPLIST_FILE = DiverseyTests/Info.plist;
				IPHONEOS_DEPLOYMENT_TARGET = 14.5;
				LD_RUNPATH_SEARCH_PATHS = (
					"$(inherited)",
					"@executable_path/Frameworks",
					"@loader_path/Frameworks",
				);
				PRODUCT_BUNDLE_IDENTIFIER = jcode.DiverseyTests;
				PRODUCT_NAME = "$(TARGET_NAME)";
				SWIFT_VERSION = 5.0;
				TARGETED_DEVICE_FAMILY = "1,2";
				TEST_HOST = "$(BUILT_PRODUCTS_DIR)/Diversey.app/Diversey";
			};
			name = Debug;
		};
		F7A4BEA9267D1AC20089B948 /* Release */ = {
			isa = XCBuildConfiguration;
			baseConfigurationReference = 8792CAD33B96000E28850890 /* Pods-DiverseyTests.release.xcconfig */;
			buildSettings = {
				ALWAYS_EMBED_SWIFT_STANDARD_LIBRARIES = YES;
				BUNDLE_LOADER = "$(TEST_HOST)";
				CODE_SIGN_STYLE = Automatic;
				INFOPLIST_FILE = DiverseyTests/Info.plist;
				IPHONEOS_DEPLOYMENT_TARGET = 14.5;
				LD_RUNPATH_SEARCH_PATHS = (
					"$(inherited)",
					"@executable_path/Frameworks",
					"@loader_path/Frameworks",
				);
				PRODUCT_BUNDLE_IDENTIFIER = jcode.DiverseyTests;
				PRODUCT_NAME = "$(TARGET_NAME)";
				SWIFT_VERSION = 5.0;
				TARGETED_DEVICE_FAMILY = "1,2";
				TEST_HOST = "$(BUILT_PRODUCTS_DIR)/Diversey.app/Diversey";
			};
			name = Release;
		};
		F7A4BEAB267D1AC20089B948 /* Debug */ = {
			isa = XCBuildConfiguration;
			baseConfigurationReference = 493F4542CEC539435CB59550 /* Pods-Diversey-DiverseyUITests.debug.xcconfig */;
			buildSettings = {
				ALWAYS_EMBED_SWIFT_STANDARD_LIBRARIES = YES;
				CODE_SIGN_STYLE = Automatic;
				INFOPLIST_FILE = DiverseyUITests/Info.plist;
				LD_RUNPATH_SEARCH_PATHS = (
					"$(inherited)",
					"@executable_path/Frameworks",
					"@loader_path/Frameworks",
				);
				PRODUCT_BUNDLE_IDENTIFIER = jcode.DiverseyUITests;
				PRODUCT_NAME = "$(TARGET_NAME)";
				SWIFT_VERSION = 5.0;
				TARGETED_DEVICE_FAMILY = "1,2";
				TEST_TARGET_NAME = Diversey;
			};
			name = Debug;
		};
		F7A4BEAC267D1AC20089B948 /* Release */ = {
			isa = XCBuildConfiguration;
			baseConfigurationReference = 9A8442F62B07C4FF151F2971 /* Pods-Diversey-DiverseyUITests.release.xcconfig */;
			buildSettings = {
				ALWAYS_EMBED_SWIFT_STANDARD_LIBRARIES = YES;
				CODE_SIGN_STYLE = Automatic;
				INFOPLIST_FILE = DiverseyUITests/Info.plist;
				LD_RUNPATH_SEARCH_PATHS = (
					"$(inherited)",
					"@executable_path/Frameworks",
					"@loader_path/Frameworks",
				);
				PRODUCT_BUNDLE_IDENTIFIER = jcode.DiverseyUITests;
				PRODUCT_NAME = "$(TARGET_NAME)";
				SWIFT_VERSION = 5.0;
				TARGETED_DEVICE_FAMILY = "1,2";
				TEST_TARGET_NAME = Diversey;
			};
			name = Release;
		};
/* End XCBuildConfiguration section */

/* Begin XCConfigurationList section */
		F7A4BE75267D1AC10089B948 /* Build configuration list for PBXProject "Diversey" */ = {
			isa = XCConfigurationList;
			buildConfigurations = (
				F7A4BEA2267D1AC20089B948 /* Debug */,
				F7A4BEA3267D1AC20089B948 /* Release */,
			);
			defaultConfigurationIsVisible = 0;
			defaultConfigurationName = Release;
		};
		F7A4BEA4267D1AC20089B948 /* Build configuration list for PBXNativeTarget "Diversey" */ = {
			isa = XCConfigurationList;
			buildConfigurations = (
				F7A4BEA5267D1AC20089B948 /* Debug */,
				F7A4BEA6267D1AC20089B948 /* Release */,
			);
			defaultConfigurationIsVisible = 0;
			defaultConfigurationName = Release;
		};
		F7A4BEA7267D1AC20089B948 /* Build configuration list for PBXNativeTarget "DiverseyTests" */ = {
			isa = XCConfigurationList;
			buildConfigurations = (
				F7A4BEA8267D1AC20089B948 /* Debug */,
				F7A4BEA9267D1AC20089B948 /* Release */,
			);
			defaultConfigurationIsVisible = 0;
			defaultConfigurationName = Release;
		};
		F7A4BEAA267D1AC20089B948 /* Build configuration list for PBXNativeTarget "DiverseyUITests" */ = {
			isa = XCConfigurationList;
			buildConfigurations = (
				F7A4BEAB267D1AC20089B948 /* Debug */,
				F7A4BEAC267D1AC20089B948 /* Release */,
			);
			defaultConfigurationIsVisible = 0;
			defaultConfigurationName = Release;
		};
/* End XCConfigurationList section */
	};
	rootObject = F7A4BE72267D1AC10089B948 /* Project object */;
}
